
Microsoft Visual Studio Solution File, Format Version 12.00
# Visual Studio 2013
VisualStudioVersion = 12.0.30110.0
MinimumVisualStudioVersion = 10.0.40219.1
Project("{FAE04EC0-301F-11D3-BF4B-00C04F79EFBC}") = "CloudDancerCLI", "CloudDancerCLI\CloudDancerCLI.csproj", "{F6976AF7-940C-46F3-B24D-78685F804DDC}"
EndProject
Project("{FAE04EC0-301F-11D3-BF4B-00C04F79EFBC}") = "CloudDancerCommon", "..\CloudDancerCommon\CloudDancerCommon\CloudDancerCommon.csproj", "{D51C1DB9-B29D-48A2-8960-889F1ED69DC1}"
EndProject
Global
	GlobalSection(SolutionConfigurationPlatforms) = preSolution
		Debug|Any CPU = Debug|Any CPU
		Release|Any CPU = Release|Any CPU
	EndGlobalSection
	GlobalSection(ProjectConfigurationPlatforms) = postSolution
		{F6976AF7-940C-46F3-B24D-78685F804DDC}.Debug|Any CPU.ActiveCfg = Debug|Any CPU
		{F6976AF7-940C-46F3-B24D-78685F804DDC}.Debug|Any CPU.Build.0 = Debug|Any CPU
		{F6976AF7-940C-46F3-B24D-78685F804DDC}.Release|Any CPU.ActiveCfg = Release|Any CPU
		{F6976AF7-940C-46F3-B24D-78685F804DDC}.Release|Any CPU.Build.0 = Release|Any CPU
		{D51C1DB9-B29D-48A2-8960-889F1ED69DC1}.Debug|Any CPU.ActiveCfg = Debug|Any CPU
		{D51C1DB9-B29D-48A2-8960-889F1ED69DC1}.Debug|Any CPU.Build.0 = Debug|Any CPU
		{D51C1DB9-B29D-48A2-8960-889F1ED69DC1}.Release|Any CPU.ActiveCfg = Release|Any CPU
		{D51C1DB9-B29D-48A2-8960-889F1ED69DC1}.Release|Any CPU.Build.0 = Release|Any CPU
	EndGlobalSection
	GlobalSection(SolutionProperties) = preSolution
		HideSolutionNode = FALSE
	EndGlobalSection
EndGlobal
